// !$*UTF8*$!
{
	archiveVersion = 1;
	classes = {
	};
	objectVersion = 48;
	objects = {

/* Begin PBXBuildFile section */
		B10591D607BFB85171C34E27 /* Pods_AudioWaveUITests.framework in Frameworks */ = {isa = PBXBuildFile; fileRef = 3092EDF1E3BD6AD1B8DF71D5 /* Pods_AudioWaveUITests.framework */; };
		B910562E1FD25EF900FDB851 /* AppDelegate.swift in Sources */ = {isa = PBXBuildFile; fileRef = B910562D1FD25EF900FDB851 /* AppDelegate.swift */; };
		B91056301FD25EF900FDB851 /* ViewController.swift in Sources */ = {isa = PBXBuildFile; fileRef = B910562F1FD25EF900FDB851 /* ViewController.swift */; };
		B91056331FD25EF900FDB851 /* Main.storyboard in Resources */ = {isa = PBXBuildFile; fileRef = B91056311FD25EF900FDB851 /* Main.storyboard */; };
		B91056351FD25EF900FDB851 /* Assets.xcassets in Resources */ = {isa = PBXBuildFile; fileRef = B91056341FD25EF900FDB851 /* Assets.xcassets */; };
		B91056381FD25EF900FDB851 /* LaunchScreen.storyboard in Resources */ = {isa = PBXBuildFile; fileRef = B91056361FD25EF900FDB851 /* LaunchScreen.storyboard */; };
		B91056431FD25EF900FDB851 /* AudioWaveTests.swift in Sources */ = {isa = PBXBuildFile; fileRef = B91056421FD25EF900FDB851 /* AudioWaveTests.swift */; };
		B910564E1FD25EF900FDB851 /* AudioWaveUITests.swift in Sources */ = {isa = PBXBuildFile; fileRef = B910564D1FD25EF900FDB851 /* AudioWaveUITests.swift */; };
		E264BCEF3F50DFA4A7DB8ED6 /* Pods_AudioWave.framework in Frameworks */ = {isa = PBXBuildFile; fileRef = CFC82FB5ACBF3A1BF2F3F7F8 /* Pods_AudioWave.framework */; };
		F7F840FBF7D61355C37B434A /* Pods_AudioWaveTests.framework in Frameworks */ = {isa = PBXBuildFile; fileRef = 821ADBCB7B6EC46C804FD563 /* Pods_AudioWaveTests.framework */; };
/* End PBXBuildFile section */

/* Begin PBXContainerItemProxy section */
		B910563F1FD25EF900FDB851 /* PBXContainerItemProxy */ = {
			isa = PBXContainerItemProxy;
			containerPortal = B91056221FD25EF900FDB851 /* Project object */;
			proxyType = 1;
			remoteGlobalIDString = B91056291FD25EF900FDB851;
			remoteInfo = AudioWave;
		};
		B910564A1FD25EF900FDB851 /* PBXContainerItemProxy */ = {
			isa = PBXContainerItemProxy;
			containerPortal = B91056221FD25EF900FDB851 /* Project object */;
			proxyType = 1;
			remoteGlobalIDString = B91056291FD25EF900FDB851;
			remoteInfo = AudioWave;
		};
/* End PBXContainerItemProxy section */

/* Begin PBXFileReference section */
		3092EDF1E3BD6AD1B8DF71D5 /* Pods_AudioWaveUITests.framework */ = {isa = PBXFileReference; explicitFileType = wrapper.framework; includeInIndex = 0; path = Pods_AudioWaveUITests.framework; sourceTree = BUILT_PRODUCTS_DIR; };
		3878CC1B9B51D187995D0534 /* Pods-AudioWaveUITests.debug.xcconfig */ = {isa = PBXFileReference; includeInIndex = 1; lastKnownFileType = text.xcconfig; name = "Pods-AudioWaveUITests.debug.xcconfig"; path = "Pods/Target Support Files/Pods-AudioWaveUITests/Pods-AudioWaveUITests.debug.xcconfig"; sourceTree = "<group>"; };
		5EB70F2179C703330B2155F4 /* Pods-AudioWave.debug.xcconfig */ = {isa = PBXFileReference; includeInIndex = 1; lastKnownFileType = text.xcconfig; name = "Pods-AudioWave.debug.xcconfig"; path = "Pods/Target Support Files/Pods-AudioWave/Pods-AudioWave.debug.xcconfig"; sourceTree = "<group>"; };
		633D5C49DE15F9E8F66B77A9 /* Pods-AudioWaveUITests.release.xcconfig */ = {isa = PBXFileReference; includeInIndex = 1; lastKnownFileType = text.xcconfig; name = "Pods-AudioWaveUITests.release.xcconfig"; path = "Pods/Target Support Files/Pods-AudioWaveUITests/Pods-AudioWaveUITests.release.xcconfig"; sourceTree = "<group>"; };
		821ADBCB7B6EC46C804FD563 /* Pods_AudioWaveTests.framework */ = {isa = PBXFileReference; explicitFileType = wrapper.framework; includeInIndex = 0; path = Pods_AudioWaveTests.framework; sourceTree = BUILT_PRODUCTS_DIR; };
		B910562A1FD25EF900FDB851 /* AudioWave.app */ = {isa = PBXFileReference; explicitFileType = wrapper.application; includeInIndex = 0; path = AudioWave.app; sourceTree = BUILT_PRODUCTS_DIR; };
		B910562D1FD25EF900FDB851 /* AppDelegate.swift */ = {isa = PBXFileReference; lastKnownFileType = sourcecode.swift; path = AppDelegate.swift; sourceTree = "<group>"; };
		B910562F1FD25EF900FDB851 /* ViewController.swift */ = {isa = PBXFileReference; lastKnownFileType = sourcecode.swift; path = ViewController.swift; sourceTree = "<group>"; };
		B91056321FD25EF900FDB851 /* Base */ = {isa = PBXFileReference; lastKnownFileType = file.storyboard; name = Base; path = Base.lproj/Main.storyboard; sourceTree = "<group>"; };
		B91056341FD25EF900FDB851 /* Assets.xcassets */ = {isa = PBXFileReference; lastKnownFileType = folder.assetcatalog; path = Assets.xcassets; sourceTree = "<group>"; };
		B91056371FD25EF900FDB851 /* Base */ = {isa = PBXFileReference; lastKnownFileType = file.storyboard; name = Base; path = Base.lproj/LaunchScreen.storyboard; sourceTree = "<group>"; };
		B91056391FD25EF900FDB851 /* Info.plist */ = {isa = PBXFileReference; lastKnownFileType = text.plist.xml; path = Info.plist; sourceTree = "<group>"; };
		B910563E1FD25EF900FDB851 /* AudioWaveTests.xctest */ = {isa = PBXFileReference; explicitFileType = wrapper.cfbundle; includeInIndex = 0; path = AudioWaveTests.xctest; sourceTree = BUILT_PRODUCTS_DIR; };
		B91056421FD25EF900FDB851 /* AudioWaveTests.swift */ = {isa = PBXFileReference; lastKnownFileType = sourcecode.swift; path = AudioWaveTests.swift; sourceTree = "<group>"; };
		B91056441FD25EF900FDB851 /* Info.plist */ = {isa = PBXFileReference; lastKnownFileType = text.plist.xml; path = Info.plist; sourceTree = "<group>"; };
		B91056491FD25EF900FDB851 /* AudioWaveUITests.xctest */ = {isa = PBXFileReference; explicitFileType = wrapper.cfbundle; includeInIndex = 0; path = AudioWaveUITests.xctest; sourceTree = BUILT_PRODUCTS_DIR; };
		B910564D1FD25EF900FDB851 /* AudioWaveUITests.swift */ = {isa = PBXFileReference; lastKnownFileType = sourcecode.swift; path = AudioWaveUITests.swift; sourceTree = "<group>"; };
		B910564F1FD25EF900FDB851 /* Info.plist */ = {isa = PBXFileReference; lastKnownFileType = text.plist.xml; path = Info.plist; sourceTree = "<group>"; };
		CFC82FB5ACBF3A1BF2F3F7F8 /* Pods_AudioWave.framework */ = {isa = PBXFileReference; explicitFileType = wrapper.framework; includeInIndex = 0; path = Pods_AudioWave.framework; sourceTree = BUILT_PRODUCTS_DIR; };
		DBA44D793F176AAC96844D16 /* Pods-AudioWaveTests.release.xcconfig */ = {isa = PBXFileReference; includeInIndex = 1; lastKnownFileType = text.xcconfig; name = "Pods-AudioWaveTests.release.xcconfig"; path = "Pods/Target Support Files/Pods-AudioWaveTests/Pods-AudioWaveTests.release.xcconfig"; sourceTree = "<group>"; };
		E899E3B03203A3E01DE8E6F5 /* Pods-AudioWave.release.xcconfig */ = {isa = PBXFileReference; includeInIndex = 1; lastKnownFileType = text.xcconfig; name = "Pods-AudioWave.release.xcconfig"; path = "Pods/Target Support Files/Pods-AudioWave/Pods-AudioWave.release.xcconfig"; sourceTree = "<group>"; };
		FCED4398AC5319885BDC0C43 /* Pods-AudioWaveTests.debug.xcconfig */ = {isa = PBXFileReference; includeInIndex = 1; lastKnownFileType = text.xcconfig; name = "Pods-AudioWaveTests.debug.xcconfig"; path = "Pods/Target Support Files/Pods-AudioWaveTests/Pods-AudioWaveTests.debug.xcconfig"; sourceTree = "<group>"; };
/* End PBXFileReference section */

/* Begin PBXFrameworksBuildPhase section */
		B91056271FD25EF900FDB851 /* Frameworks */ = {
			isa = PBXFrameworksBuildPhase;
			buildActionMask = 2147483647;
			files = (
				E264BCEF3F50DFA4A7DB8ED6 /* Pods_AudioWave.framework in Frameworks */,
			);
			runOnlyForDeploymentPostprocessing = 0;
		};
		B910563B1FD25EF900FDB851 /* Frameworks */ = {
			isa = PBXFrameworksBuildPhase;
			buildActionMask = 2147483647;
			files = (
				F7F840FBF7D61355C37B434A /* Pods_AudioWaveTests.framework in Frameworks */,
			);
			runOnlyForDeploymentPostprocessing = 0;
		};
		B91056461FD25EF900FDB851 /* Frameworks */ = {
			isa = PBXFrameworksBuildPhase;
			buildActionMask = 2147483647;
			files = (
				B10591D607BFB85171C34E27 /* Pods_AudioWaveUITests.framework in Frameworks */,
			);
			runOnlyForDeploymentPostprocessing = 0;
		};
/* End PBXFrameworksBuildPhase section */

/* Begin PBXGroup section */
		55ACDF71D16FA7F4AE1E04A2 /* Pods */ = {
			isa = PBXGroup;
			children = (
				5EB70F2179C703330B2155F4 /* Pods-AudioWave.debug.xcconfig */,
				E899E3B03203A3E01DE8E6F5 /* Pods-AudioWave.release.xcconfig */,
				FCED4398AC5319885BDC0C43 /* Pods-AudioWaveTests.debug.xcconfig */,
				DBA44D793F176AAC96844D16 /* Pods-AudioWaveTests.release.xcconfig */,
				3878CC1B9B51D187995D0534 /* Pods-AudioWaveUITests.debug.xcconfig */,
				633D5C49DE15F9E8F66B77A9 /* Pods-AudioWaveUITests.release.xcconfig */,
			);
			name = Pods;
			sourceTree = "<group>";
		};
		A685143F4A55F3A9B9149BBF /* Frameworks */ = {
			isa = PBXGroup;
			children = (
				CFC82FB5ACBF3A1BF2F3F7F8 /* Pods_AudioWave.framework */,
				821ADBCB7B6EC46C804FD563 /* Pods_AudioWaveTests.framework */,
				3092EDF1E3BD6AD1B8DF71D5 /* Pods_AudioWaveUITests.framework */,
			);
			name = Frameworks;
			sourceTree = "<group>";
		};
		B91056211FD25EF900FDB851 = {
			isa = PBXGroup;
			children = (
				B910562C1FD25EF900FDB851 /* AudioWave */,
				B91056411FD25EF900FDB851 /* AudioWaveTests */,
				B910564C1FD25EF900FDB851 /* AudioWaveUITests */,
				B910562B1FD25EF900FDB851 /* Products */,
				55ACDF71D16FA7F4AE1E04A2 /* Pods */,
				A685143F4A55F3A9B9149BBF /* Frameworks */,
			);
			sourceTree = "<group>";
		};
		B910562B1FD25EF900FDB851 /* Products */ = {
			isa = PBXGroup;
			children = (
				B910562A1FD25EF900FDB851 /* AudioWave.app */,
				B910563E1FD25EF900FDB851 /* AudioWaveTests.xctest */,
				B91056491FD25EF900FDB851 /* AudioWaveUITests.xctest */,
			);
			name = Products;
			sourceTree = "<group>";
		};
		B910562C1FD25EF900FDB851 /* AudioWave */ = {
			isa = PBXGroup;
			children = (
				B910562D1FD25EF900FDB851 /* AppDelegate.swift */,
				B910562F1FD25EF900FDB851 /* ViewController.swift */,
				B91056311FD25EF900FDB851 /* Main.storyboard */,
				B91056341FD25EF900FDB851 /* Assets.xcassets */,
				B91056361FD25EF900FDB851 /* LaunchScreen.storyboard */,
				B91056391FD25EF900FDB851 /* Info.plist */,
			);
			path = AudioWave;
			sourceTree = "<group>";
		};
		B91056411FD25EF900FDB851 /* AudioWaveTests */ = {
			isa = PBXGroup;
			children = (
				B91056421FD25EF900FDB851 /* AudioWaveTests.swift */,
				B91056441FD25EF900FDB851 /* Info.plist */,
			);
			path = AudioWaveTests;
			sourceTree = "<group>";
		};
		B910564C1FD25EF900FDB851 /* AudioWaveUITests */ = {
			isa = PBXGroup;
			children = (
				B910564D1FD25EF900FDB851 /* AudioWaveUITests.swift */,
				B910564F1FD25EF900FDB851 /* Info.plist */,
			);
			path = AudioWaveUITests;
			sourceTree = "<group>";
		};
/* End PBXGroup section */

/* Begin PBXNativeTarget section */
		B91056291FD25EF900FDB851 /* AudioWave */ = {
			isa = PBXNativeTarget;
			buildConfigurationList = B91056521FD25EF900FDB851 /* Build configuration list for PBXNativeTarget "AudioWave" */;
			buildPhases = (
				9DCBA9352520D072F533D2D7 /* [CP] Check Pods Manifest.lock */,
				B91056261FD25EF900FDB851 /* Sources */,
				B91056271FD25EF900FDB851 /* Frameworks */,
				B91056281FD25EF900FDB851 /* Resources */,
				16A6B0829D0B720AC12C8D3A /* [CP] Embed Pods Frameworks */,
				FF56D9095D555CE08D6255AE /* [CP] Copy Pods Resources */,
			);
			buildRules = (
			);
			dependencies = (
			);
			name = AudioWave;
			productName = AudioWave;
			productReference = B910562A1FD25EF900FDB851 /* AudioWave.app */;
			productType = "com.apple.product-type.application";
		};
		B910563D1FD25EF900FDB851 /* AudioWaveTests */ = {
			isa = PBXNativeTarget;
			buildConfigurationList = B91056551FD25EF900FDB851 /* Build configuration list for PBXNativeTarget "AudioWaveTests" */;
			buildPhases = (
				FF4676F5BDE6ACF9DBE0CAAE /* [CP] Check Pods Manifest.lock */,
				B910563A1FD25EF900FDB851 /* Sources */,
				B910563B1FD25EF900FDB851 /* Frameworks */,
				B910563C1FD25EF900FDB851 /* Resources */,
				9141317E555C9AF464B1D056 /* [CP] Embed Pods Frameworks */,
				26D92923FDE8E1C256C72305 /* [CP] Copy Pods Resources */,
			);
			buildRules = (
			);
			dependencies = (
				B91056401FD25EF900FDB851 /* PBXTargetDependency */,
			);
			name = AudioWaveTests;
			productName = AudioWaveTests;
			productReference = B910563E1FD25EF900FDB851 /* AudioWaveTests.xctest */;
			productType = "com.apple.product-type.bundle.unit-test";
		};
		B91056481FD25EF900FDB851 /* AudioWaveUITests */ = {
			isa = PBXNativeTarget;
			buildConfigurationList = B91056581FD25EF900FDB851 /* Build configuration list for PBXNativeTarget "AudioWaveUITests" */;
			buildPhases = (
				32E0DFFABB3A9C3D7BF1FF1F /* [CP] Check Pods Manifest.lock */,
				B91056451FD25EF900FDB851 /* Sources */,
				B91056461FD25EF900FDB851 /* Frameworks */,
				B91056471FD25EF900FDB851 /* Resources */,
				F19A674562237C55F0B371A7 /* [CP] Embed Pods Frameworks */,
				D2EB8FAF0E0703148EC5A4F6 /* [CP] Copy Pods Resources */,
			);
			buildRules = (
			);
			dependencies = (
				B910564B1FD25EF900FDB851 /* PBXTargetDependency */,
			);
			name = AudioWaveUITests;
			productName = AudioWaveUITests;
			productReference = B91056491FD25EF900FDB851 /* AudioWaveUITests.xctest */;
			productType = "com.apple.product-type.bundle.ui-testing";
		};
/* End PBXNativeTarget section */

/* Begin PBXProject section */
		B91056221FD25EF900FDB851 /* Project object */ = {
			isa = PBXProject;
			attributes = {
				LastSwiftUpdateCheck = 0910;
				LastUpgradeCheck = 0910;
				ORGANIZATIONNAME = "Thanh-Dung Nguyen";
				TargetAttributes = {
					B91056291FD25EF900FDB851 = {
						CreatedOnToolsVersion = 9.1;
						ProvisioningStyle = Automatic;
					};
					B910563D1FD25EF900FDB851 = {
						CreatedOnToolsVersion = 9.1;
						ProvisioningStyle = Automatic;
						TestTargetID = B91056291FD25EF900FDB851;
					};
					B91056481FD25EF900FDB851 = {
						CreatedOnToolsVersion = 9.1;
						ProvisioningStyle = Automatic;
						TestTargetID = B91056291FD25EF900FDB851;
					};
				};
			};
			buildConfigurationList = B91056251FD25EF900FDB851 /* Build configuration list for PBXProject "AudioWave" */;
			compatibilityVersion = "Xcode 8.0";
			developmentRegion = en;
			hasScannedForEncodings = 0;
			knownRegions = (
				en,
				Base,
			);
			mainGroup = B91056211FD25EF900FDB851;
			productRefGroup = B910562B1FD25EF900FDB851 /* Products */;
			projectDirPath = "";
			projectRoot = "";
			targets = (
				B91056291FD25EF900FDB851 /* AudioWave */,
				B910563D1FD25EF900FDB851 /* AudioWaveTests */,
				B91056481FD25EF900FDB851 /* AudioWaveUITests */,
			);
		};
/* End PBXProject section */

/* Begin PBXResourcesBuildPhase section */
		B91056281FD25EF900FDB851 /* Resources */ = {
			isa = PBXResourcesBuildPhase;
			buildActionMask = 2147483647;
			files = (
				B91056381FD25EF900FDB851 /* LaunchScreen.storyboard in Resources */,
				B91056351FD25EF900FDB851 /* Assets.xcassets in Resources */,
				B91056331FD25EF900FDB851 /* Main.storyboard in Resources */,
			);
			runOnlyForDeploymentPostprocessing = 0;
		};
		B910563C1FD25EF900FDB851 /* Resources */ = {
			isa = PBXResourcesBuildPhase;
			buildActionMask = 2147483647;
			files = (
			);
			runOnlyForDeploymentPostprocessing = 0;
		};
		B91056471FD25EF900FDB851 /* Resources */ = {
			isa = PBXResourcesBuildPhase;
			buildActionMask = 2147483647;
			files = (
			);
			runOnlyForDeploymentPostprocessing = 0;
		};
/* End PBXResourcesBuildPhase section */

/* Begin PBXShellScriptBuildPhase section */
		16A6B0829D0B720AC12C8D3A /* [CP] Embed Pods Frameworks */ = {
			isa = PBXShellScriptBuildPhase;
			buildActionMask = 2147483647;
			files = (
			);
			inputPaths = (
			);
			name = "[CP] Embed Pods Frameworks";
			outputPaths = (
			);
			runOnlyForDeploymentPostprocessing = 0;
			shellPath = /bin/sh;
			shellScript = "\"${SRCROOT}/Pods/Target Support Files/Pods-AudioWave/Pods-AudioWave-frameworks.sh\"\n";
			showEnvVarsInLog = 0;
		};
		26D92923FDE8E1C256C72305 /* [CP] Copy Pods Resources */ = {
			isa = PBXShellScriptBuildPhase;
			buildActionMask = 2147483647;
			files = (
			);
			inputPaths = (
			);
			name = "[CP] Copy Pods Resources";
			outputPaths = (
			);
			runOnlyForDeploymentPostprocessing = 0;
			shellPath = /bin/sh;
			shellScript = "\"${SRCROOT}/Pods/Target Support Files/Pods-AudioWaveTests/Pods-AudioWaveTests-resources.sh\"\n";
			showEnvVarsInLog = 0;
		};
		32E0DFFABB3A9C3D7BF1FF1F /* [CP] Check Pods Manifest.lock */ = {
			isa = PBXShellScriptBuildPhase;
			buildActionMask = 2147483647;
			files = (
			);
			inputPaths = (
				"${PODS_PODFILE_DIR_PATH}/Podfile.lock",
				"${PODS_ROOT}/Manifest.lock",
			);
			name = "[CP] Check Pods Manifest.lock";
			outputPaths = (
				"$(DERIVED_FILE_DIR)/Pods-AudioWaveUITests-checkManifestLockResult.txt",
			);
			runOnlyForDeploymentPostprocessing = 0;
			shellPath = /bin/sh;
			shellScript = "diff \"${PODS_PODFILE_DIR_PATH}/Podfile.lock\" \"${PODS_ROOT}/Manifest.lock\" > /dev/null\nif [ $? != 0 ] ; then\n    # print error to STDERR\n    echo \"error: The sandbox is not in sync with the Podfile.lock. Run 'pod install' or update your CocoaPods installation.\" >&2\n    exit 1\nfi\n# This output is used by Xcode 'outputs' to avoid re-running this script phase.\necho \"SUCCESS\" > \"${SCRIPT_OUTPUT_FILE_0}\"\n";
			showEnvVarsInLog = 0;
		};
		9141317E555C9AF464B1D056 /* [CP] Embed Pods Frameworks */ = {
			isa = PBXShellScriptBuildPhase;
			buildActionMask = 2147483647;
			files = (
			);
			inputPaths = (
			);
			name = "[CP] Embed Pods Frameworks";
			outputPaths = (
			);
			runOnlyForDeploymentPostprocessing = 0;
			shellPath = /bin/sh;
			shellScript = "\"${SRCROOT}/Pods/Target Support Files/Pods-AudioWaveTests/Pods-AudioWaveTests-frameworks.sh\"\n";
			showEnvVarsInLog = 0;
		};
		9DCBA9352520D072F533D2D7 /* [CP] Check Pods Manifest.lock */ = {
			isa = PBXShellScriptBuildPhase;
			buildActionMask = 2147483647;
			files = (
			);
			inputPaths = (
				"${PODS_PODFILE_DIR_PATH}/Podfile.lock",
				"${PODS_ROOT}/Manifest.lock",
			);
			name = "[CP] Check Pods Manifest.lock";
			outputPaths = (
				"$(DERIVED_FILE_DIR)/Pods-AudioWave-checkManifestLockResult.txt",
			);
			runOnlyForDeploymentPostprocessing = 0;
			shellPath = /bin/sh;
			shellScript = "diff \"${PODS_PODFILE_DIR_PATH}/Podfile.lock\" \"${PODS_ROOT}/Manifest.lock\" > /dev/null\nif [ $? != 0 ] ; then\n    # print error to STDERR\n    echo \"error: The sandbox is not in sync with the Podfile.lock. Run 'pod install' or update your CocoaPods installation.\" >&2\n    exit 1\nfi\n# This output is used by Xcode 'outputs' to avoid re-running this script phase.\necho \"SUCCESS\" > \"${SCRIPT_OUTPUT_FILE_0}\"\n";
			showEnvVarsInLog = 0;
		};
		D2EB8FAF0E0703148EC5A4F6 /* [CP] Copy Pods Resources */ = {
			isa = PBXShellScriptBuildPhase;
			buildActionMask = 2147483647;
			files = (
			);
			inputPaths = (
			);
			name = "[CP] Copy Pods Resources";
			outputPaths = (
			);
			runOnlyForDeploymentPostprocessing = 0;
			shellPath = /bin/sh;
			shellScript = "\"${SRCROOT}/Pods/Target Support Files/Pods-AudioWaveUITests/Pods-AudioWaveUITests-resources.sh\"\n";
			showEnvVarsInLog = 0;
		};
		F19A674562237C55F0B371A7 /* [CP] Embed Pods Frameworks */ = {
			isa = PBXShellScriptBuildPhase;
			buildActionMask = 2147483647;
			files = (
			);
			inputPaths = (
			);
			name = "[CP] Embed Pods Frameworks";
			outputPaths = (
			);
			runOnlyForDeploymentPostprocessing = 0;
			shellPath = /bin/sh;
			shellScript = "\"${SRCROOT}/Pods/Target Support Files/Pods-AudioWaveUITests/Pods-AudioWaveUITests-frameworks.sh\"\n";
			showEnvVarsInLog = 0;
		};
		FF4676F5BDE6ACF9DBE0CAAE /* [CP] Check Pods Manifest.lock */ = {
			isa = PBXShellScriptBuildPhase;
			buildActionMask = 2147483647;
			files = (
			);
			inputPaths = (
				"${PODS_PODFILE_DIR_PATH}/Podfile.lock",
				"${PODS_ROOT}/Manifest.lock",
			);
			name = "[CP] Check Pods Manifest.lock";
			outputPaths = (
				"$(DERIVED_FILE_DIR)/Pods-AudioWaveTests-checkManifestLockResult.txt",
			);
			runOnlyForDeploymentPostprocessing = 0;
			shellPath = /bin/sh;
			shellScript = "diff \"${PODS_PODFILE_DIR_PATH}/Podfile.lock\" \"${PODS_ROOT}/Manifest.lock\" > /dev/null\nif [ $? != 0 ] ; then\n    # print error to STDERR\n    echo \"error: The sandbox is not in sync with the Podfile.lock. Run 'pod install' or update your CocoaPods installation.\" >&2\n    exit 1\nfi\n# This output is used by Xcode 'outputs' to avoid re-running this script phase.\necho \"SUCCESS\" > \"${SCRIPT_OUTPUT_FILE_0}\"\n";
			showEnvVarsInLog = 0;
		};
		FF56D9095D555CE08D6255AE /* [CP] Copy Pods Resources */ = {
			isa = PBXShellScriptBuildPhase;
			buildActionMask = 2147483647;
			files = (
			);
			inputPaths = (
			);
			name = "[CP] Copy Pods Resources";
			outputPaths = (
			);
			runOnlyForDeploymentPostprocessing = 0;
			shellPath = /bin/sh;
			shellScript = "\"${SRCROOT}/Pods/Target Support Files/Pods-AudioWave/Pods-AudioWave-resources.sh\"\n";
			showEnvVarsInLog = 0;
		};
/* End PBXShellScriptBuildPhase section */

/* Begin PBXSourcesBuildPhase section */
		B91056261FD25EF900FDB851 /* Sources */ = {
			isa = PBXSourcesBuildPhase;
			buildActionMask = 2147483647;
			files = (
				B91056301FD25EF900FDB851 /* ViewController.swift in Sources */,
				B910562E1FD25EF900FDB851 /* AppDelegate.swift in Sources */,
			);
			runOnlyForDeploymentPostprocessing = 0;
		};
		B910563A1FD25EF900FDB851 /* Sources */ = {
			isa = PBXSourcesBuildPhase;
			buildActionMask = 2147483647;
			files = (
				B91056431FD25EF900FDB851 /* AudioWaveTests.swift in Sources */,
			);
			runOnlyForDeploymentPostprocessing = 0;
		};
		B91056451FD25EF900FDB851 /* Sources */ = {
			isa = PBXSourcesBuildPhase;
			buildActionMask = 2147483647;
			files = (
				B910564E1FD25EF900FDB851 /* AudioWaveUITests.swift in Sources */,
			);
			runOnlyForDeploymentPostprocessing = 0;
		};
/* End PBXSourcesBuildPhase section */

/* Begin PBXTargetDependency section */
		B91056401FD25EF900FDB851 /* PBXTargetDependency */ = {
			isa = PBXTargetDependency;
			target = B91056291FD25EF900FDB851 /* AudioWave */;
			targetProxy = B910563F1FD25EF900FDB851 /* PBXContainerItemProxy */;
		};
		B910564B1FD25EF900FDB851 /* PBXTargetDependency */ = {
			isa = PBXTargetDependency;
			target = B91056291FD25EF900FDB851 /* AudioWave */;
			targetProxy = B910564A1FD25EF900FDB851 /* PBXContainerItemProxy */;
		};
/* End PBXTargetDependency section */

/* Begin PBXVariantGroup section */
		B91056311FD25EF900FDB851 /* Main.storyboard */ = {
			isa = PBXVariantGroup;
			children = (
				B91056321FD25EF900FDB851 /* Base */,
			);
			name = Main.storyboard;
			sourceTree = "<group>";
		};
		B91056361FD25EF900FDB851 /* LaunchScreen.storyboard */ = {
			isa = PBXVariantGroup;
			children = (
				B91056371FD25EF900FDB851 /* Base */,
			);
			name = LaunchScreen.storyboard;
			sourceTree = "<group>";
		};
/* End PBXVariantGroup section */

/* Begin XCBuildConfiguration section */
		B91056501FD25EF900FDB851 /* Debug */ = {
			isa = XCBuildConfiguration;
			buildSettings = {
				ALWAYS_SEARCH_USER_PATHS = NO;
				CLANG_ANALYZER_NONNULL = YES;
				CLANG_ANALYZER_NUMBER_OBJECT_CONVERSION = YES_AGGRESSIVE;
				CLANG_CXX_LANGUAGE_STANDARD = "gnu++14";
				CLANG_CXX_LIBRARY = "libc++";
				CLANG_ENABLE_MODULES = YES;
				CLANG_ENABLE_OBJC_ARC = YES;
				CLANG_WARN_BLOCK_CAPTURE_AUTORELEASING = YES;
				CLANG_WARN_BOOL_CONVERSION = YES;
				CLANG_WARN_COMMA = YES;
				CLANG_WARN_CONSTANT_CONVERSION = YES;
				CLANG_WARN_DIRECT_OBJC_ISA_USAGE = YES_ERROR;
				CLANG_WARN_DOCUMENTATION_COMMENTS = YES;
				CLANG_WARN_EMPTY_BODY = YES;
				CLANG_WARN_ENUM_CONVERSION = YES;
				CLANG_WARN_INFINITE_RECURSION = YES;
				CLANG_WARN_INT_CONVERSION = YES;
				CLANG_WARN_NON_LITERAL_NULL_CONVERSION = YES;
				CLANG_WARN_OBJC_LITERAL_CONVERSION = YES;
				CLANG_WARN_OBJC_ROOT_CLASS = YES_ERROR;
				CLANG_WARN_RANGE_LOOP_ANALYSIS = YES;
				CLANG_WARN_STRICT_PROTOTYPES = YES;
				CLANG_WARN_SUSPICIOUS_MOVE = YES;
				CLANG_WARN_UNGUARDED_AVAILABILITY = YES_AGGRESSIVE;
				CLANG_WARN_UNREACHABLE_CODE = YES;
				CLANG_WARN__DUPLICATE_METHOD_MATCH = YES;
				CODE_SIGN_IDENTITY = "iPhone Developer";
				COPY_PHASE_STRIP = NO;
				DEBUG_INFORMATION_FORMAT = dwarf;
				ENABLE_STRICT_OBJC_MSGSEND = YES;
				ENABLE_TESTABILITY = YES;
				GCC_C_LANGUAGE_STANDARD = gnu11;
				GCC_DYNAMIC_NO_PIC = NO;
				GCC_NO_COMMON_BLOCKS = YES;
				GCC_OPTIMIZATION_LEVEL = 0;
				GCC_PREPROCESSOR_DEFINITIONS = (
					"DEBUG=1",
					"$(inherited)",
				);
				GCC_WARN_64_TO_32_BIT_CONVERSION = YES;
				GCC_WARN_ABOUT_RETURN_TYPE = YES_ERROR;
				GCC_WARN_UNDECLARED_SELECTOR = YES;
				GCC_WARN_UNINITIALIZED_AUTOS = YES_AGGRESSIVE;
				GCC_WARN_UNUSED_FUNCTION = YES;
				GCC_WARN_UNUSED_VARIABLE = YES;
				IPHONEOS_DEPLOYMENT_TARGET = 11.1;
				MTL_ENABLE_DEBUG_INFO = YES;
				ONLY_ACTIVE_ARCH = YES;
				SDKROOT = iphoneos;
				SWIFT_ACTIVE_COMPILATION_CONDITIONS = DEBUG;
				SWIFT_OPTIMIZATION_LEVEL = "-Onone";
			};
			name = Debug;
		};
		B91056511FD25EF900FDB851 /* Release */ = {
			isa = XCBuildConfiguration;
			buildSettings = {
				ALWAYS_SEARCH_USER_PATHS = NO;
				CLANG_ANALYZER_NONNULL = YES;
				CLANG_ANALYZER_NUMBER_OBJECT_CONVERSION = YES_AGGRESSIVE;
				CLANG_CXX_LANGUAGE_STANDARD = "gnu++14";
				CLANG_CXX_LIBRARY = "libc++";
				CLANG_ENABLE_MODULES = YES;
				CLANG_ENABLE_OBJC_ARC = YES;
				CLANG_WARN_BLOCK_CAPTURE_AUTORELEASING = YES;
				CLANG_WARN_BOOL_CONVERSION = YES;
				CLANG_WARN_COMMA = YES;
				CLANG_WARN_CONSTANT_CONVERSION = YES;
				CLANG_WARN_DIRECT_OBJC_ISA_USAGE = YES_ERROR;
				CLANG_WARN_DOCUMENTATION_COMMENTS = YES;
				CLANG_WARN_EMPTY_BODY = YES;
				CLANG_WARN_ENUM_CONVERSION = YES;
				CLANG_WARN_INFINITE_RECURSION = YES;
				CLANG_WARN_INT_CONVERSION = YES;
				CLANG_WARN_NON_LITERAL_NULL_CONVERSION = YES;
				CLANG_WARN_OBJC_LITERAL_CONVERSION = YES;
				CLANG_WARN_OBJC_ROOT_CLASS = YES_ERROR;
				CLANG_WARN_RANGE_LOOP_ANALYSIS = YES;
				CLANG_WARN_STRICT_PROTOTYPES = YES;
				CLANG_WARN_SUSPICIOUS_MOVE = YES;
				CLANG_WARN_UNGUARDED_AVAILABILITY = YES_AGGRESSIVE;
				CLANG_WARN_UNREACHABLE_CODE = YES;
				CLANG_WARN__DUPLICATE_METHOD_MATCH = YES;
				CODE_SIGN_IDENTITY = "iPhone Developer";
				COPY_PHASE_STRIP = NO;
				DEBUG_INFORMATION_FORMAT = "dwarf-with-dsym";
				ENABLE_NS_ASSERTIONS = NO;
				ENABLE_STRICT_OBJC_MSGSEND = YES;
				GCC_C_LANGUAGE_STANDARD = gnu11;
				GCC_NO_COMMON_BLOCKS = YES;
				GCC_WARN_64_TO_32_BIT_CONVERSION = YES;
				GCC_WARN_ABOUT_RETURN_TYPE = YES_ERROR;
				GCC_WARN_UNDECLARED_SELECTOR = YES;
				GCC_WARN_UNINITIALIZED_AUTOS = YES_AGGRESSIVE;
				GCC_WARN_UNUSED_FUNCTION = YES;
				GCC_WARN_UNUSED_VARIABLE = YES;
				IPHONEOS_DEPLOYMENT_TARGET = 11.1;
				MTL_ENABLE_DEBUG_INFO = NO;
				SDKROOT = iphoneos;
				SWIFT_OPTIMIZATION_LEVEL = "-Owholemodule";
				VALIDATE_PRODUCT = YES;
			};
			name = Release;
		};
		B91056531FD25EF900FDB851 /* Debug */ = {
			isa = XCBuildConfiguration;
			baseConfigurationReference = 5EB70F2179C703330B2155F4 /* Pods-AudioWave.debug.xcconfig */;
			buildSettings = {
				ASSETCATALOG_COMPILER_APPICON_NAME = AppIcon;
				CODE_SIGN_STYLE = Automatic;
				DEVELOPMENT_TEAM = CB7BJM62E3;
				INFOPLIST_FILE = AudioWave/Info.plist;
				LD_RUNPATH_SEARCH_PATHS = "$(inherited) @executable_path/Frameworks";
				PRODUCT_BUNDLE_IDENTIFIER = com.dz.ios.AudioWave;
				PRODUCT_NAME = "$(TARGET_NAME)";
				SWIFT_VERSION = 4.0;
				TARGETED_DEVICE_FAMILY = "1,2";
			};
			name = Debug;
		};
		B91056541FD25EF900FDB851 /* Release */ = {
			isa = XCBuildConfiguration;
			baseConfigurationReference = E899E3B03203A3E01DE8E6F5 /* Pods-AudioWave.release.xcconfig */;
			buildSettings = {
				ASSETCATALOG_COMPILER_APPICON_NAME = AppIcon;
				CODE_SIGN_STYLE = Automatic;
				DEVELOPMENT_TEAM = CB7BJM62E3;
				INFOPLIST_FILE = AudioWave/Info.plist;
				LD_RUNPATH_SEARCH_PATHS = "$(inherited) @executable_path/Frameworks";
				PRODUCT_BUNDLE_IDENTIFIER = com.dz.ios.AudioWave;
				PRODUCT_NAME = "$(TARGET_NAME)";
				SWIFT_VERSION = 4.0;
				TARGETED_DEVICE_FAMILY = "1,2";
			};
			name = Release;
		};
		B91056561FD25EF900FDB851 /* Debug */ = {
			isa = XCBuildConfiguration;
			baseConfigurationReference = FCED4398AC5319885BDC0C43 /* Pods-AudioWaveTests.debug.xcconfig */;
			buildSettings = {
				ALWAYS_EMBED_SWIFT_STANDARD_LIBRARIES = YES;
				BUNDLE_LOADER = "$(TEST_HOST)";
				CODE_SIGN_STYLE = Automatic;
				DEVELOPMENT_TEAM = CB7BJM62E3;
				INFOPLIST_FILE = AudioWaveTests/Info.plist;
				LD_RUNPATH_SEARCH_PATHS = "$(inherited) @executable_path/Frameworks @loader_path/Frameworks";
				PRODUCT_BUNDLE_IDENTIFIER = com.dz.ios.AudioWaveTests;
				PRODUCT_NAME = "$(TARGET_NAME)";
				SWIFT_VERSION = 4.0;
				TARGETED_DEVICE_FAMILY = "1,2";
				TEST_HOST = "$(BUILT_PRODUCTS_DIR)/AudioWave.app/AudioWave";
			};
			name = Debug;
		};
		B91056571FD25EF900FDB851 /* Release */ = {
			isa = XCBuildConfiguration;
			baseConfigurationReference = DBA44D793F176AAC96844D16 /* Pods-AudioWaveTests.release.xcconfig */;
			buildSettings = {
				ALWAYS_EMBED_SWIFT_STANDARD_LIBRARIES = YES;
				BUNDLE_LOADER = "$(TEST_HOST)";
				CODE_SIGN_STYLE = Automatic;
				DEVELOPMENT_TEAM = CB7BJM62E3;
				INFOPLIST_FILE = AudioWaveTests/Info.plist;
				LD_RUNPATH_SEARCH_PATHS = "$(inherited) @executable_path/Frameworks @loader_path/Frameworks";
				PRODUCT_BUNDLE_IDENTIFIER = com.dz.ios.AudioWaveTests;
				PRODUCT_NAME = "$(TARGET_NAME)";
				SWIFT_VERSION = 4.0;
				TARGETED_DEVICE_FAMILY = "1,2";
				TEST_HOST = "$(BUILT_PRODUCTS_DIR)/AudioWave.app/AudioWave";
			};
			name = Release;
		};
		B91056591FD25EF900FDB851 /* Debug */ = {
			isa = XCBuildConfiguration;
			baseConfigurationReference = 3878CC1B9B51D187995D0534 /* Pods-AudioWaveUITests.debug.xcconfig */;
			buildSettings = {
				ALWAYS_EMBED_SWIFT_STANDARD_LIBRARIES = YES;
				CODE_SIGN_STYLE = Automatic;
				DEVELOPMENT_TEAM = CB7BJM62E3;
				INFOPLIST_FILE = AudioWaveUITests/Info.plist;
				LD_RUNPATH_SEARCH_PATHS = "$(inherited) @executable_path/Frameworks @loader_path/Frameworks";
				PRODUCT_BUNDLE_IDENTIFIER = com.dz.ios.AudioWaveUITests;
				PRODUCT_NAME = "$(TARGET_NAME)";
				SWIFT_VERSION = 4.0;
				TARGETED_DEVICE_FAMILY = "1,2";
				TEST_TARGET_NAME = AudioWave;
			};
			name = Debug;
		};
		B910565A1FD25EF900FDB851 /* Release */ = {
			isa = XCBuildConfiguration;
			baseConfigurationReference = 633D5C49DE15F9E8F66B77A9 /* Pods-AudioWaveUITests.release.xcconfig */;
			buildSettings = {
				ALWAYS_EMBED_SWIFT_STANDARD_LIBRARIES = YES;
				CODE_SIGN_STYLE = Automatic;
				DEVELOPMENT_TEAM = CB7BJM62E3;
				INFOPLIST_FILE = AudioWaveUITests/Info.plist;
				LD_RUNPATH_SEARCH_PATHS = "$(inherited) @executable_path/Frameworks @loader_path/Frameworks";
				PRODUCT_BUNDLE_IDENTIFIER = com.dz.ios.AudioWaveUITests;
				PRODUCT_NAME = "$(TARGET_NAME)";
				SWIFT_VERSION = 4.0;
				TARGETED_DEVICE_FAMILY = "1,2";
				TEST_TARGET_NAME = AudioWave;
			};
			name = Release;
		};
/* End XCBuildConfiguration section */

/* Begin XCConfigurationList section */
		B91056251FD25EF900FDB851 /* Build configuration list for PBXProject "AudioWave" */ = {
			isa = XCConfigurationList;
			buildConfigurations = (
				B91056501FD25EF900FDB851 /* Debug */,
				B91056511FD25EF900FDB851 /* Release */,
			);
			defaultConfigurationIsVisible = 0;
			defaultConfigurationName = Release;
		};
		B91056521FD25EF900FDB851 /* Build configuration list for PBXNativeTarget "AudioWave" */ = {
			isa = XCConfigurationList;
			buildConfigurations = (
				B91056531FD25EF900FDB851 /* Debug */,
				B91056541FD25EF900FDB851 /* Release */,
			);
			defaultConfigurationIsVisible = 0;
			defaultConfigurationName = Release;
		};
		B91056551FD25EF900FDB851 /* Build configuration list for PBXNativeTarget "AudioWaveTests" */ = {
			isa = XCConfigurationList;
			buildConfigurations = (
				B91056561FD25EF900FDB851 /* Debug */,
				B91056571FD25EF900FDB851 /* Release */,
			);
			defaultConfigurationIsVisible = 0;
			defaultConfigurationName = Release;
		};
		B91056581FD25EF900FDB851 /* Build configuration list for PBXNativeTarget "AudioWaveUITests" */ = {
			isa = XCConfigurationList;
			buildConfigurations = (
				B91056591FD25EF900FDB851 /* Debug */,
				B910565A1FD25EF900FDB851 /* Release */,
			);
			defaultConfigurationIsVisible = 0;
			defaultConfigurationName = Release;
		};
/* End XCConfigurationList section */
	};
	rootObject = B91056221FD25EF900FDB851 /* Project object */;
}
