// !$*UTF8*$!
{
	archiveVersion = 1;
	classes = {
	};
	objectVersion = 48;
	objects = {

/* Begin PBXBuildFile section */
		B910562E1FD25EF900FDB851 /* AppDelegate.swift in Sources */ = {isa = PBXBuildFile; fileRef = B910562D1FD25EF900FDB851 /* AppDelegate.swift */; };
		B91056331FD25EF900FDB851 /* Main.storyboard in Resources */ = {isa = PBXBuildFile; fileRef = B91056311FD25EF900FDB851 /* Main.storyboard */; };
		B91056351FD25EF900FDB851 /* Assets.xcassets in Resources */ = {isa = PBXBuildFile; fileRef = B91056341FD25EF900FDB851 /* Assets.xcassets */; };
		B91056381FD25EF900FDB851 /* LaunchScreen.storyboard in Resources */ = {isa = PBXBuildFile; fileRef = B91056361FD25EF900FDB851 /* LaunchScreen.storyboard */; };
		B91056431FD25EF900FDB851 /* AudioWaveTests.swift in Sources */ = {isa = PBXBuildFile; fileRef = B91056421FD25EF900FDB851 /* AudioWaveTests.swift */; };
		B910564E1FD25EF900FDB851 /* AudioWaveUITests.swift in Sources */ = {isa = PBXBuildFile; fileRef = B910564D1FD25EF900FDB851 /* AudioWaveUITests.swift */; };
		B917A2481FD4079A00EA3378 /* MPMediaLibrary+rx.swift in Sources */ = {isa = PBXBuildFile; fileRef = B917A2471FD4079A00EA3378 /* MPMediaLibrary+rx.swift */; };
		B917A24A1FD40B2400EA3378 /* UIAlertViewController+rx.swift in Sources */ = {isa = PBXBuildFile; fileRef = B917A2491FD40B2400EA3378 /* UIAlertViewController+rx.swift */; };
		B917A24C1FD40D0200EA3378 /* Utility.swift in Sources */ = {isa = PBXBuildFile; fileRef = B917A24B1FD40D0200EA3378 /* Utility.swift */; };
		B94053011FD2ED1500B37CA3 /* AudioPlayer.swift in Sources */ = {isa = PBXBuildFile; fileRef = B94053001FD2ED1500B37CA3 /* AudioPlayer.swift */; };
		B96196C71FD261F80088E86C /* HomeVC.swift in Sources */ = {isa = PBXBuildFile; fileRef = B96196C51FD261F80088E86C /* HomeVC.swift */; };
		B96196C81FD261F80088E86C /* HomeVC.xib in Resources */ = {isa = PBXBuildFile; fileRef = B96196C61FD261F80088E86C /* HomeVC.xib */; };
		B96196CA1FD264540088E86C /* Constants.swift in Sources */ = {isa = PBXBuildFile; fileRef = B96196C91FD264540088E86C /* Constants.swift */; };
		B9C667D31FD28FDE00939035 /* Extensions.swift in Sources */ = {isa = PBXBuildFile; fileRef = B9C667D21FD28FDE00939035 /* Extensions.swift */; };
		B9C667D51FD2935600939035 /* WaveFormView.swift in Sources */ = {isa = PBXBuildFile; fileRef = B9C667D41FD2935600939035 /* WaveFormView.swift */; };
		B9C667D71FD2935F00939035 /* WaveFormView.xib in Resources */ = {isa = PBXBuildFile; fileRef = B9C667D61FD2935F00939035 /* WaveFormView.xib */; };
		B9C667D91FD2936F00939035 /* WaveScrollView.swift in Sources */ = {isa = PBXBuildFile; fileRef = B9C667D81FD2936F00939035 /* WaveScrollView.swift */; };
		B9C667DB1FD2937900939035 /* WaveScrollView.xib in Resources */ = {isa = PBXBuildFile; fileRef = B9C667DA1FD2937900939035 /* WaveScrollView.xib */; };
		B9C667E71FD29AE900939035 /* HomeViewModel.swift in Sources */ = {isa = PBXBuildFile; fileRef = B9C667E61FD29AE900939035 /* HomeViewModel.swift */; };
		B9C667EB1FD29E7600939035 /* ImportManager.swift in Sources */ = {isa = PBXBuildFile; fileRef = B9C667EA1FD29E7600939035 /* ImportManager.swift */; };
		B9C667EE1FD29E8400939035 /* Importer.swift in Sources */ = {isa = PBXBuildFile; fileRef = B9C667ED1FD29E8400939035 /* Importer.swift */; };
		B9C667F01FD29E8D00939035 /* LibraryImporter.swift in Sources */ = {isa = PBXBuildFile; fileRef = B9C667EF1FD29E8D00939035 /* LibraryImporter.swift */; };
		B9C667F21FD29E9700939035 /* ICloudImporter.swift in Sources */ = {isa = PBXBuildFile; fileRef = B9C667F11FD29E9700939035 /* ICloudImporter.swift */; };
		B9C667F41FD29F7700939035 /* Song.swift in Sources */ = {isa = PBXBuildFile; fileRef = B9C667F31FD29F7700939035 /* Song.swift */; };
		B9C667F71FD2B04C00939035 /* AudioRender.swift in Sources */ = {isa = PBXBuildFile; fileRef = B9C667F61FD2B04C00939035 /* AudioRender.swift */; };
		E264BCEF3F50DFA4A7DB8ED6 /* Pods_AudioWave.framework in Frameworks */ = {isa = PBXBuildFile; fileRef = CFC82FB5ACBF3A1BF2F3F7F8 /* Pods_AudioWave.framework */; };
/* End PBXBuildFile section */

/* Begin PBXContainerItemProxy section */
		B910563F1FD25EF900FDB851 /* PBXContainerItemProxy */ = {
			isa = PBXContainerItemProxy;
			containerPortal = B91056221FD25EF900FDB851 /* Project object */;
			proxyType = 1;
			remoteGlobalIDString = B91056291FD25EF900FDB851;
			remoteInfo = AudioWave;
		};
		B910564A1FD25EF900FDB851 /* PBXContainerItemProxy */ = {
			isa = PBXContainerItemProxy;
			containerPortal = B91056221FD25EF900FDB851 /* Project object */;
			proxyType = 1;
			remoteGlobalIDString = B91056291FD25EF900FDB851;
			remoteInfo = AudioWave;
		};
/* End PBXContainerItemProxy section */

/* Begin PBXFileReference section */
		3092EDF1E3BD6AD1B8DF71D5 /* Pods_AudioWaveUITests.framework */ = {isa = PBXFileReference; explicitFileType = wrapper.framework; includeInIndex = 0; path = Pods_AudioWaveUITests.framework; sourceTree = BUILT_PRODUCTS_DIR; };
		5EB70F2179C703330B2155F4 /* Pods-AudioWave.debug.xcconfig */ = {isa = PBXFileReference; includeInIndex = 1; lastKnownFileType = text.xcconfig; name = "Pods-AudioWave.debug.xcconfig"; path = "Pods/Target Support Files/Pods-AudioWave/Pods-AudioWave.debug.xcconfig"; sourceTree = "<group>"; };
		821ADBCB7B6EC46C804FD563 /* Pods_AudioWaveTests.framework */ = {isa = PBXFileReference; explicitFileType = wrapper.framework; includeInIndex = 0; path = Pods_AudioWaveTests.framework; sourceTree = BUILT_PRODUCTS_DIR; };
		B910562A1FD25EF900FDB851 /* AudioWave.app */ = {isa = PBXFileReference; explicitFileType = wrapper.application; includeInIndex = 0; path = AudioWave.app; sourceTree = BUILT_PRODUCTS_DIR; };
		B910562D1FD25EF900FDB851 /* AppDelegate.swift */ = {isa = PBXFileReference; lastKnownFileType = sourcecode.swift; path = AppDelegate.swift; sourceTree = "<group>"; };
		B91056321FD25EF900FDB851 /* Base */ = {isa = PBXFileReference; lastKnownFileType = file.storyboard; name = Base; path = Base.lproj/Main.storyboard; sourceTree = "<group>"; };
		B91056341FD25EF900FDB851 /* Assets.xcassets */ = {isa = PBXFileReference; lastKnownFileType = folder.assetcatalog; path = Assets.xcassets; sourceTree = "<group>"; };
		B91056371FD25EF900FDB851 /* Base */ = {isa = PBXFileReference; lastKnownFileType = file.storyboard; name = Base; path = Base.lproj/LaunchScreen.storyboard; sourceTree = "<group>"; };
		B91056391FD25EF900FDB851 /* Info.plist */ = {isa = PBXFileReference; lastKnownFileType = text.plist.xml; path = Info.plist; sourceTree = "<group>"; };
		B910563E1FD25EF900FDB851 /* AudioWaveTests.xctest */ = {isa = PBXFileReference; explicitFileType = wrapper.cfbundle; includeInIndex = 0; path = AudioWaveTests.xctest; sourceTree = BUILT_PRODUCTS_DIR; };
		B91056421FD25EF900FDB851 /* AudioWaveTests.swift */ = {isa = PBXFileReference; lastKnownFileType = sourcecode.swift; path = AudioWaveTests.swift; sourceTree = "<group>"; };
		B91056441FD25EF900FDB851 /* Info.plist */ = {isa = PBXFileReference; lastKnownFileType = text.plist.xml; path = Info.plist; sourceTree = "<group>"; };
		B91056491FD25EF900FDB851 /* AudioWaveUITests.xctest */ = {isa = PBXFileReference; explicitFileType = wrapper.cfbundle; includeInIndex = 0; path = AudioWaveUITests.xctest; sourceTree = BUILT_PRODUCTS_DIR; };
		B910564D1FD25EF900FDB851 /* AudioWaveUITests.swift */ = {isa = PBXFileReference; lastKnownFileType = sourcecode.swift; path = AudioWaveUITests.swift; sourceTree = "<group>"; };
		B910564F1FD25EF900FDB851 /* Info.plist */ = {isa = PBXFileReference; lastKnownFileType = text.plist.xml; path = Info.plist; sourceTree = "<group>"; };
		B917A2471FD4079A00EA3378 /* MPMediaLibrary+rx.swift */ = {isa = PBXFileReference; lastKnownFileType = sourcecode.swift; path = "MPMediaLibrary+rx.swift"; sourceTree = "<group>"; };
		B917A2491FD40B2400EA3378 /* UIAlertViewController+rx.swift */ = {isa = PBXFileReference; lastKnownFileType = sourcecode.swift; path = "UIAlertViewController+rx.swift"; sourceTree = "<group>"; };
		B917A24B1FD40D0200EA3378 /* Utility.swift */ = {isa = PBXFileReference; lastKnownFileType = sourcecode.swift; path = Utility.swift; sourceTree = "<group>"; };
		B94053001FD2ED1500B37CA3 /* AudioPlayer.swift */ = {isa = PBXFileReference; lastKnownFileType = sourcecode.swift; path = AudioPlayer.swift; sourceTree = "<group>"; };
		B96196C51FD261F80088E86C /* HomeVC.swift */ = {isa = PBXFileReference; lastKnownFileType = sourcecode.swift; path = HomeVC.swift; sourceTree = "<group>"; };
		B96196C61FD261F80088E86C /* HomeVC.xib */ = {isa = PBXFileReference; lastKnownFileType = file.xib; path = HomeVC.xib; sourceTree = "<group>"; };
		B96196C91FD264540088E86C /* Constants.swift */ = {isa = PBXFileReference; lastKnownFileType = sourcecode.swift; path = Constants.swift; sourceTree = "<group>"; };
		B9C667D21FD28FDE00939035 /* Extensions.swift */ = {isa = PBXFileReference; lastKnownFileType = sourcecode.swift; path = Extensions.swift; sourceTree = "<group>"; };
		B9C667D41FD2935600939035 /* WaveFormView.swift */ = {isa = PBXFileReference; lastKnownFileType = sourcecode.swift; path = WaveFormView.swift; sourceTree = "<group>"; };
		B9C667D61FD2935F00939035 /* WaveFormView.xib */ = {isa = PBXFileReference; lastKnownFileType = file.xib; path = WaveFormView.xib; sourceTree = "<group>"; };
		B9C667D81FD2936F00939035 /* WaveScrollView.swift */ = {isa = PBXFileReference; lastKnownFileType = sourcecode.swift; path = WaveScrollView.swift; sourceTree = "<group>"; };
		B9C667DA1FD2937900939035 /* WaveScrollView.xib */ = {isa = PBXFileReference; lastKnownFileType = file.xib; path = WaveScrollView.xib; sourceTree = "<group>"; };
		B9C667E61FD29AE900939035 /* HomeViewModel.swift */ = {isa = PBXFileReference; lastKnownFileType = sourcecode.swift; path = HomeViewModel.swift; sourceTree = "<group>"; };
		B9C667EA1FD29E7600939035 /* ImportManager.swift */ = {isa = PBXFileReference; lastKnownFileType = sourcecode.swift; path = ImportManager.swift; sourceTree = "<group>"; };
		B9C667ED1FD29E8400939035 /* Importer.swift */ = {isa = PBXFileReference; lastKnownFileType = sourcecode.swift; path = Importer.swift; sourceTree = "<group>"; };
		B9C667EF1FD29E8D00939035 /* LibraryImporter.swift */ = {isa = PBXFileReference; lastKnownFileType = sourcecode.swift; path = LibraryImporter.swift; sourceTree = "<group>"; };
		B9C667F11FD29E9700939035 /* ICloudImporter.swift */ = {isa = PBXFileReference; lastKnownFileType = sourcecode.swift; path = ICloudImporter.swift; sourceTree = "<group>"; };
		B9C667F31FD29F7700939035 /* Song.swift */ = {isa = PBXFileReference; lastKnownFileType = sourcecode.swift; path = Song.swift; sourceTree = "<group>"; };
		B9C667F61FD2B04C00939035 /* AudioRender.swift */ = {isa = PBXFileReference; lastKnownFileType = sourcecode.swift; path = AudioRender.swift; sourceTree = "<group>"; };
		CFC82FB5ACBF3A1BF2F3F7F8 /* Pods_AudioWave.framework */ = {isa = PBXFileReference; explicitFileType = wrapper.framework; includeInIndex = 0; path = Pods_AudioWave.framework; sourceTree = BUILT_PRODUCTS_DIR; };
		E899E3B03203A3E01DE8E6F5 /* Pods-AudioWave.release.xcconfig */ = {isa = PBXFileReference; includeInIndex = 1; lastKnownFileType = text.xcconfig; name = "Pods-AudioWave.release.xcconfig"; path = "Pods/Target Support Files/Pods-AudioWave/Pods-AudioWave.release.xcconfig"; sourceTree = "<group>"; };
/* End PBXFileReference section */

/* Begin PBXFrameworksBuildPhase section */
		B91056271FD25EF900FDB851 /* Frameworks */ = {
			isa = PBXFrameworksBuildPhase;
			buildActionMask = 2147483647;
			files = (
				E264BCEF3F50DFA4A7DB8ED6 /* Pods_AudioWave.framework in Frameworks */,
			);
			runOnlyForDeploymentPostprocessing = 0;
		};
		B910563B1FD25EF900FDB851 /* Frameworks */ = {
			isa = PBXFrameworksBuildPhase;
			buildActionMask = 2147483647;
			files = (
			);
			runOnlyForDeploymentPostprocessing = 0;
		};
		B91056461FD25EF900FDB851 /* Frameworks */ = {
			isa = PBXFrameworksBuildPhase;
			buildActionMask = 2147483647;
			files = (
			);
			runOnlyForDeploymentPostprocessing = 0;
		};
/* End PBXFrameworksBuildPhase section */

/* Begin PBXGroup section */
		55ACDF71D16FA7F4AE1E04A2 /* Pods */ = {
			isa = PBXGroup;
			children = (
				5EB70F2179C703330B2155F4 /* Pods-AudioWave.debug.xcconfig */,
				E899E3B03203A3E01DE8E6F5 /* Pods-AudioWave.release.xcconfig */,
			);
			name = Pods;
			sourceTree = "<group>";
		};
		A685143F4A55F3A9B9149BBF /* Frameworks */ = {
			isa = PBXGroup;
			children = (
				CFC82FB5ACBF3A1BF2F3F7F8 /* Pods_AudioWave.framework */,
				821ADBCB7B6EC46C804FD563 /* Pods_AudioWaveTests.framework */,
				3092EDF1E3BD6AD1B8DF71D5 /* Pods_AudioWaveUITests.framework */,
			);
			name = Frameworks;
			sourceTree = "<group>";
		};
		B91056211FD25EF900FDB851 = {
			isa = PBXGroup;
			children = (
				B910562C1FD25EF900FDB851 /* AudioWave */,
				B91056411FD25EF900FDB851 /* AudioWaveTests */,
				B910564C1FD25EF900FDB851 /* AudioWaveUITests */,
				B910562B1FD25EF900FDB851 /* Products */,
				55ACDF71D16FA7F4AE1E04A2 /* Pods */,
				A685143F4A55F3A9B9149BBF /* Frameworks */,
			);
			sourceTree = "<group>";
		};
		B910562B1FD25EF900FDB851 /* Products */ = {
			isa = PBXGroup;
			children = (
				B910562A1FD25EF900FDB851 /* AudioWave.app */,
				B910563E1FD25EF900FDB851 /* AudioWaveTests.xctest */,
				B91056491FD25EF900FDB851 /* AudioWaveUITests.xctest */,
			);
			name = Products;
			sourceTree = "<group>";
		};
		B910562C1FD25EF900FDB851 /* AudioWave */ = {
			isa = PBXGroup;
			children = (
				B96196C41FD261DB0088E86C /* Model */,
				B96196C31FD261CD0088E86C /* ViewController */,
				B96196C21FD261C80088E86C /* ViewModel */,
				B96196C11FD261C10088E86C /* View */,
				B96196C01FD261BA0088E86C /* Utility */,
				B910562D1FD25EF900FDB851 /* AppDelegate.swift */,
				B91056311FD25EF900FDB851 /* Main.storyboard */,
				B91056341FD25EF900FDB851 /* Assets.xcassets */,
				B91056361FD25EF900FDB851 /* LaunchScreen.storyboard */,
				B91056391FD25EF900FDB851 /* Info.plist */,
			);
			path = AudioWave;
			sourceTree = "<group>";
		};
		B91056411FD25EF900FDB851 /* AudioWaveTests */ = {
			isa = PBXGroup;
			children = (
				B91056421FD25EF900FDB851 /* AudioWaveTests.swift */,
				B91056441FD25EF900FDB851 /* Info.plist */,
			);
			path = AudioWaveTests;
			sourceTree = "<group>";
		};
		B910564C1FD25EF900FDB851 /* AudioWaveUITests */ = {
			isa = PBXGroup;
			children = (
				B910564D1FD25EF900FDB851 /* AudioWaveUITests.swift */,
				B910564F1FD25EF900FDB851 /* Info.plist */,
			);
			path = AudioWaveUITests;
			sourceTree = "<group>";
		};
		B93B3B7B1FD42CA30066BE0D /* Extensions */ = {
			isa = PBXGroup;
			children = (
				B9C667D21FD28FDE00939035 /* Extensions.swift */,
				B917A2471FD4079A00EA3378 /* MPMediaLibrary+rx.swift */,
				B917A2491FD40B2400EA3378 /* UIAlertViewController+rx.swift */,
			);
			path = Extensions;
			sourceTree = "<group>";
		};
		B94052FF1FD2ED0800B37CA3 /* Player */ = {
			isa = PBXGroup;
			children = (
				B94053001FD2ED1500B37CA3 /* AudioPlayer.swift */,
			);
			path = Player;
			sourceTree = "<group>";
		};
		B96196C01FD261BA0088E86C /* Utility */ = {
			isa = PBXGroup;
			children = (
				B93B3B7B1FD42CA30066BE0D /* Extensions */,
				B94052FF1FD2ED0800B37CA3 /* Player */,
				B9C667F51FD2B04200939035 /* Render */,
				B9C667E91FD29E6A00939035 /* Import File */,
				B96196C91FD264540088E86C /* Constants.swift */,
				B917A24B1FD40D0200EA3378 /* Utility.swift */,
			);
			path = Utility;
			sourceTree = "<group>";
		};
		B96196C11FD261C10088E86C /* View */ = {
			isa = PBXGroup;
			children = (
				B9C667D41FD2935600939035 /* WaveFormView.swift */,
				B9C667D61FD2935F00939035 /* WaveFormView.xib */,
				B9C667D81FD2936F00939035 /* WaveScrollView.swift */,
				B9C667DA1FD2937900939035 /* WaveScrollView.xib */,
			);
			path = View;
			sourceTree = "<group>";
		};
		B96196C21FD261C80088E86C /* ViewModel */ = {
			isa = PBXGroup;
			children = (
				B9C667E61FD29AE900939035 /* HomeViewModel.swift */,
			);
			path = ViewModel;
			sourceTree = "<group>";
		};
		B96196C31FD261CD0088E86C /* ViewController */ = {
			isa = PBXGroup;
			children = (
				B96196C51FD261F80088E86C /* HomeVC.swift */,
				B96196C61FD261F80088E86C /* HomeVC.xib */,
			);
			path = ViewController;
			sourceTree = "<group>";
		};
		B96196C41FD261DB0088E86C /* Model */ = {
			isa = PBXGroup;
			children = (
				B9C667F31FD29F7700939035 /* Song.swift */,
			);
			path = Model;
			sourceTree = "<group>";
		};
		B9C667E91FD29E6A00939035 /* Import File */ = {
			isa = PBXGroup;
			children = (
				B9C667EC1FD29E7A00939035 /* Importer */,
				B9C667EA1FD29E7600939035 /* ImportManager.swift */,
			);
			path = "Import File";
			sourceTree = "<group>";
		};
		B9C667EC1FD29E7A00939035 /* Importer */ = {
			isa = PBXGroup;
			children = (
				B9C667ED1FD29E8400939035 /* Importer.swift */,
				B9C667EF1FD29E8D00939035 /* LibraryImporter.swift */,
				B9C667F11FD29E9700939035 /* ICloudImporter.swift */,
			);
			path = Importer;
			sourceTree = "<group>";
		};
		B9C667F51FD2B04200939035 /* Render */ = {
			isa = PBXGroup;
			children = (
				B9C667F61FD2B04C00939035 /* AudioRender.swift */,
			);
			path = Render;
			sourceTree = "<group>";
		};
/* End PBXGroup section */

/* Begin PBXNativeTarget section */
		B91056291FD25EF900FDB851 /* AudioWave */ = {
			isa = PBXNativeTarget;
			buildConfigurationList = B91056521FD25EF900FDB851 /* Build configuration list for PBXNativeTarget "AudioWave" */;
			buildPhases = (
				9DCBA9352520D072F533D2D7 /* [CP] Check Pods Manifest.lock */,
				B91056261FD25EF900FDB851 /* Sources */,
				B91056271FD25EF900FDB851 /* Frameworks */,
				B91056281FD25EF900FDB851 /* Resources */,
				16A6B0829D0B720AC12C8D3A /* [CP] Embed Pods Frameworks */,
				FF56D9095D555CE08D6255AE /* [CP] Copy Pods Resources */,
			);
			buildRules = (
			);
			dependencies = (
			);
			name = AudioWave;
			productName = AudioWave;
			productReference = B910562A1FD25EF900FDB851 /* AudioWave.app */;
			productType = "com.apple.product-type.application";
		};
		B910563D1FD25EF900FDB851 /* AudioWaveTests */ = {
			isa = PBXNativeTarget;
			buildConfigurationList = B91056551FD25EF900FDB851 /* Build configuration list for PBXNativeTarget "AudioWaveTests" */;
			buildPhases = (
				B910563A1FD25EF900FDB851 /* Sources */,
				B910563B1FD25EF900FDB851 /* Frameworks */,
				B910563C1FD25EF900FDB851 /* Resources */,
			);
			buildRules = (
			);
			dependencies = (
				B91056401FD25EF900FDB851 /* PBXTargetDependency */,
			);
			name = AudioWaveTests;
			productName = AudioWaveTests;
			productReference = B910563E1FD25EF900FDB851 /* AudioWaveTests.xctest */;
			productType = "com.apple.product-type.bundle.unit-test";
		};
		B91056481FD25EF900FDB851 /* AudioWaveUITests */ = {
			isa = PBXNativeTarget;
			buildConfigurationList = B91056581FD25EF900FDB851 /* Build configuration list for PBXNativeTarget "AudioWaveUITests" */;
			buildPhases = (
				B91056451FD25EF900FDB851 /* Sources */,
				B91056461FD25EF900FDB851 /* Frameworks */,
				B91056471FD25EF900FDB851 /* Resources */,
			);
			buildRules = (
			);
			dependencies = (
				B910564B1FD25EF900FDB851 /* PBXTargetDependency */,
			);
			name = AudioWaveUITests;
			productName = AudioWaveUITests;
			productReference = B91056491FD25EF900FDB851 /* AudioWaveUITests.xctest */;
			productType = "com.apple.product-type.bundle.ui-testing";
		};
/* End PBXNativeTarget section */

/* Begin PBXProject section */
		B91056221FD25EF900FDB851 /* Project object */ = {
			isa = PBXProject;
			attributes = {
				LastSwiftUpdateCheck = 0910;
				LastUpgradeCheck = 0910;
				ORGANIZATIONNAME = "Thanh-Dung Nguyen";
				TargetAttributes = {
					B91056291FD25EF900FDB851 = {
						CreatedOnToolsVersion = 9.1;
						ProvisioningStyle = Automatic;
					};
					B910563D1FD25EF900FDB851 = {
						CreatedOnToolsVersion = 9.1;
						ProvisioningStyle = Automatic;
						TestTargetID = B91056291FD25EF900FDB851;
					};
					B91056481FD25EF900FDB851 = {
						CreatedOnToolsVersion = 9.1;
						ProvisioningStyle = Automatic;
						TestTargetID = B91056291FD25EF900FDB851;
					};
				};
			};
			buildConfigurationList = B91056251FD25EF900FDB851 /* Build configuration list for PBXProject "AudioWave" */;
			compatibilityVersion = "Xcode 8.0";
			developmentRegion = en;
			hasScannedForEncodings = 0;
			knownRegions = (
				en,
				Base,
			);
			mainGroup = B91056211FD25EF900FDB851;
			productRefGroup = B910562B1FD25EF900FDB851 /* Products */;
			projectDirPath = "";
			projectRoot = "";
			targets = (
				B91056291FD25EF900FDB851 /* AudioWave */,
				B910563D1FD25EF900FDB851 /* AudioWaveTests */,
				B91056481FD25EF900FDB851 /* AudioWaveUITests */,
			);
		};
/* End PBXProject section */

/* Begin PBXResourcesBuildPhase section */
		B91056281FD25EF900FDB851 /* Resources */ = {
			isa = PBXResourcesBuildPhase;
			buildActionMask = 2147483647;
			files = (
				B9C667D71FD2935F00939035 /* WaveFormView.xib in Resources */,
				B91056381FD25EF900FDB851 /* LaunchScreen.storyboard in Resources */,
				B96196C81FD261F80088E86C /* HomeVC.xib in Resources */,
				B91056351FD25EF900FDB851 /* Assets.xcassets in Resources */,
				B9C667DB1FD2937900939035 /* WaveScrollView.xib in Resources */,
				B91056331FD25EF900FDB851 /* Main.storyboard in Resources */,
			);
			runOnlyForDeploymentPostprocessing = 0;
		};
		B910563C1FD25EF900FDB851 /* Resources */ = {
			isa = PBXResourcesBuildPhase;
			buildActionMask = 2147483647;
			files = (
			);
			runOnlyForDeploymentPostprocessing = 0;
		};
		B91056471FD25EF900FDB851 /* Resources */ = {
			isa = PBXResourcesBuildPhase;
			buildActionMask = 2147483647;
			files = (
			);
			runOnlyForDeploymentPostprocessing = 0;
		};
/* End PBXResourcesBuildPhase section */

/* Begin PBXShellScriptBuildPhase section */
		16A6B0829D0B720AC12C8D3A /* [CP] Embed Pods Frameworks */ = {
			isa = PBXShellScriptBuildPhase;
			buildActionMask = 2147483647;
			files = (
			);
			inputPaths = (
				"${SRCROOT}/Pods/Target Support Files/Pods-AudioWave/Pods-AudioWave-frameworks.sh",
				"${BUILT_PRODUCTS_DIR}/NSObject+Rx/NSObject_Rx.framework",
				"${BUILT_PRODUCTS_DIR}/NVActivityIndicatorView/NVActivityIndicatorView.framework",
				"${BUILT_PRODUCTS_DIR}/RxCocoa/RxCocoa.framework",
				"${BUILT_PRODUCTS_DIR}/RxSwift/RxSwift.framework",
			);
			name = "[CP] Embed Pods Frameworks";
			outputPaths = (
				"${TARGET_BUILD_DIR}/${FRAMEWORKS_FOLDER_PATH}/NSObject_Rx.framework",
				"${TARGET_BUILD_DIR}/${FRAMEWORKS_FOLDER_PATH}/NVActivityIndicatorView.framework",
				"${TARGET_BUILD_DIR}/${FRAMEWORKS_FOLDER_PATH}/RxCocoa.framework",
				"${TARGET_BUILD_DIR}/${FRAMEWORKS_FOLDER_PATH}/RxSwift.framework",
			);
			runOnlyForDeploymentPostprocessing = 0;
			shellPath = /bin/sh;
			shellScript = "\"${SRCROOT}/Pods/Target Support Files/Pods-AudioWave/Pods-AudioWave-frameworks.sh\"\n";
			showEnvVarsInLog = 0;
		};
		9DCBA9352520D072F533D2D7 /* [CP] Check Pods Manifest.lock */ = {
			isa = PBXShellScriptBuildPhase;
			buildActionMask = 2147483647;
			files = (
			);
			inputPaths = (
				"${PODS_PODFILE_DIR_PATH}/Podfile.lock",
				"${PODS_ROOT}/Manifest.lock",
			);
			name = "[CP] Check Pods Manifest.lock";
			outputPaths = (
				"$(DERIVED_FILE_DIR)/Pods-AudioWave-checkManifestLockResult.txt",
			);
			runOnlyForDeploymentPostprocessing = 0;
			shellPath = /bin/sh;
			shellScript = "diff \"${PODS_PODFILE_DIR_PATH}/Podfile.lock\" \"${PODS_ROOT}/Manifest.lock\" > /dev/null\nif [ $? != 0 ] ; then\n    # print error to STDERR\n    echo \"error: The sandbox is not in sync with the Podfile.lock. Run 'pod install' or update your CocoaPods installation.\" >&2\n    exit 1\nfi\n# This output is used by Xcode 'outputs' to avoid re-running this script phase.\necho \"SUCCESS\" > \"${SCRIPT_OUTPUT_FILE_0}\"\n";
			showEnvVarsInLog = 0;
		};
		FF56D9095D555CE08D6255AE /* [CP] Copy Pods Resources */ = {
			isa = PBXShellScriptBuildPhase;
			buildActionMask = 2147483647;
			files = (
			);
			inputPaths = (
			);
			name = "[CP] Copy Pods Resources";
			outputPaths = (
			);
			runOnlyForDeploymentPostprocessing = 0;
			shellPath = /bin/sh;
			shellScript = "\"${SRCROOT}/Pods/Target Support Files/Pods-AudioWave/Pods-AudioWave-resources.sh\"\n";
			showEnvVarsInLog = 0;
		};
/* End PBXShellScriptBuildPhase section */

/* Begin PBXSourcesBuildPhase section */
		B91056261FD25EF900FDB851 /* Sources */ = {
			isa = PBXSourcesBuildPhase;
			buildActionMask = 2147483647;
			files = (
				B9C667F41FD29F7700939035 /* Song.swift in Sources */,
				B96196C71FD261F80088E86C /* HomeVC.swift in Sources */,
				B910562E1FD25EF900FDB851 /* AppDelegate.swift in Sources */,
				B917A24A1FD40B2400EA3378 /* UIAlertViewController+rx.swift in Sources */,
				B9C667F21FD29E9700939035 /* ICloudImporter.swift in Sources */,
				B9C667EE1FD29E8400939035 /* Importer.swift in Sources */,
				B9C667F01FD29E8D00939035 /* LibraryImporter.swift in Sources */,
				B917A2481FD4079A00EA3378 /* MPMediaLibrary+rx.swift in Sources */,
				B9C667E71FD29AE900939035 /* HomeViewModel.swift in Sources */,
				B9C667F71FD2B04C00939035 /* AudioRender.swift in Sources */,
				B9C667D91FD2936F00939035 /* WaveScrollView.swift in Sources */,
				B9C667EB1FD29E7600939035 /* ImportManager.swift in Sources */,
				B96196CA1FD264540088E86C /* Constants.swift in Sources */,
				B9C667D31FD28FDE00939035 /* Extensions.swift in Sources */,
				B9C667D51FD2935600939035 /* WaveFormView.swift in Sources */,
				B94053011FD2ED1500B37CA3 /* AudioPlayer.swift in Sources */,
				B917A24C1FD40D0200EA3378 /* Utility.swift in Sources */,
			);
			runOnlyForDeploymentPostprocessing = 0;
		};
		B910563A1FD25EF900FDB851 /* Sources */ = {
			isa = PBXSourcesBuildPhase;
			buildActionMask = 2147483647;
			files = (
				B91056431FD25EF900FDB851 /* AudioWaveTests.swift in Sources */,
			);
			runOnlyForDeploymentPostprocessing = 0;
		};
		B91056451FD25EF900FDB851 /* Sources */ = {
			isa = PBXSourcesBuildPhase;
			buildActionMask = 2147483647;
			files = (
				B910564E1FD25EF900FDB851 /* AudioWaveUITests.swift in Sources */,
			);
			runOnlyForDeploymentPostprocessing = 0;
		};
/* End PBXSourcesBuildPhase section */

/* Begin PBXTargetDependency section */
		B91056401FD25EF900FDB851 /* PBXTargetDependency */ = {
			isa = PBXTargetDependency;
			target = B91056291FD25EF900FDB851 /* AudioWave */;
			targetProxy = B910563F1FD25EF900FDB851 /* PBXContainerItemProxy */;
		};
		B910564B1FD25EF900FDB851 /* PBXTargetDependency */ = {
			isa = PBXTargetDependency;
			target = B91056291FD25EF900FDB851 /* AudioWave */;
			targetProxy = B910564A1FD25EF900FDB851 /* PBXContainerItemProxy */;
		};
/* End PBXTargetDependency section */

/* Begin PBXVariantGroup section */
		B91056311FD25EF900FDB851 /* Main.storyboard */ = {
			isa = PBXVariantGroup;
			children = (
				B91056321FD25EF900FDB851 /* Base */,
			);
			name = Main.storyboard;
			sourceTree = "<group>";
		};
		B91056361FD25EF900FDB851 /* LaunchScreen.storyboard */ = {
			isa = PBXVariantGroup;
			children = (
				B91056371FD25EF900FDB851 /* Base */,
			);
			name = LaunchScreen.storyboard;
			sourceTree = "<group>";
		};
/* End PBXVariantGroup section */

/* Begin XCBuildConfiguration section */
		B91056501FD25EF900FDB851 /* Debug */ = {
			isa = XCBuildConfiguration;
			buildSettings = {
				ALWAYS_SEARCH_USER_PATHS = NO;
				CLANG_ANALYZER_NONNULL = YES;
				CLANG_ANALYZER_NUMBER_OBJECT_CONVERSION = YES_AGGRESSIVE;
				CLANG_CXX_LANGUAGE_STANDARD = "gnu++14";
				CLANG_CXX_LIBRARY = "libc++";
				CLANG_ENABLE_MODULES = YES;
				CLANG_ENABLE_OBJC_ARC = YES;
				CLANG_WARN_BLOCK_CAPTURE_AUTORELEASING = YES;
				CLANG_WARN_BOOL_CONVERSION = YES;
				CLANG_WARN_COMMA = YES;
				CLANG_WARN_CONSTANT_CONVERSION = YES;
				CLANG_WARN_DIRECT_OBJC_ISA_USAGE = YES_ERROR;
				CLANG_WARN_DOCUMENTATION_COMMENTS = YES;
				CLANG_WARN_EMPTY_BODY = YES;
				CLANG_WARN_ENUM_CONVERSION = YES;
				CLANG_WARN_INFINITE_RECURSION = YES;
				CLANG_WARN_INT_CONVERSION = YES;
				CLANG_WARN_NON_LITERAL_NULL_CONVERSION = YES;
				CLANG_WARN_OBJC_LITERAL_CONVERSION = YES;
				CLANG_WARN_OBJC_ROOT_CLASS = YES_ERROR;
				CLANG_WARN_RANGE_LOOP_ANALYSIS = YES;
				CLANG_WARN_STRICT_PROTOTYPES = YES;
				CLANG_WARN_SUSPICIOUS_MOVE = YES;
				CLANG_WARN_UNGUARDED_AVAILABILITY = YES_AGGRESSIVE;
				CLANG_WARN_UNREACHABLE_CODE = YES;
				CLANG_WARN__DUPLICATE_METHOD_MATCH = YES;
				CODE_SIGN_IDENTITY = "iPhone Developer";
				COPY_PHASE_STRIP = NO;
				DEBUG_INFORMATION_FORMAT = dwarf;
				ENABLE_STRICT_OBJC_MSGSEND = YES;
				ENABLE_TESTABILITY = YES;
				GCC_C_LANGUAGE_STANDARD = gnu11;
				GCC_DYNAMIC_NO_PIC = NO;
				GCC_NO_COMMON_BLOCKS = YES;
				GCC_OPTIMIZATION_LEVEL = 0;
				GCC_PREPROCESSOR_DEFINITIONS = (
					"DEBUG=1",
					"$(inherited)",
				);
				GCC_WARN_64_TO_32_BIT_CONVERSION = YES;
				GCC_WARN_ABOUT_RETURN_TYPE = YES_ERROR;
				GCC_WARN_UNDECLARED_SELECTOR = YES;
				GCC_WARN_UNINITIALIZED_AUTOS = YES_AGGRESSIVE;
				GCC_WARN_UNUSED_FUNCTION = YES;
				GCC_WARN_UNUSED_VARIABLE = YES;
				IPHONEOS_DEPLOYMENT_TARGET = 11.1;
				MTL_ENABLE_DEBUG_INFO = YES;
				ONLY_ACTIVE_ARCH = YES;
				SDKROOT = iphoneos;
				SWIFT_ACTIVE_COMPILATION_CONDITIONS = DEBUG;
				SWIFT_OPTIMIZATION_LEVEL = "-Onone";
			};
			name = Debug;
		};
		B91056511FD25EF900FDB851 /* Release */ = {
			isa = XCBuildConfiguration;
			buildSettings = {
				ALWAYS_SEARCH_USER_PATHS = NO;
				CLANG_ANALYZER_NONNULL = YES;
				CLANG_ANALYZER_NUMBER_OBJECT_CONVERSION = YES_AGGRESSIVE;
				CLANG_CXX_LANGUAGE_STANDARD = "gnu++14";
				CLANG_CXX_LIBRARY = "libc++";
				CLANG_ENABLE_MODULES = YES;
				CLANG_ENABLE_OBJC_ARC = YES;
				CLANG_WARN_BLOCK_CAPTURE_AUTORELEASING = YES;
				CLANG_WARN_BOOL_CONVERSION = YES;
				CLANG_WARN_COMMA = YES;
				CLANG_WARN_CONSTANT_CONVERSION = YES;
				CLANG_WARN_DIRECT_OBJC_ISA_USAGE = YES_ERROR;
				CLANG_WARN_DOCUMENTATION_COMMENTS = YES;
				CLANG_WARN_EMPTY_BODY = YES;
				CLANG_WARN_ENUM_CONVERSION = YES;
				CLANG_WARN_INFINITE_RECURSION = YES;
				CLANG_WARN_INT_CONVERSION = YES;
				CLANG_WARN_NON_LITERAL_NULL_CONVERSION = YES;
				CLANG_WARN_OBJC_LITERAL_CONVERSION = YES;
				CLANG_WARN_OBJC_ROOT_CLASS = YES_ERROR;
				CLANG_WARN_RANGE_LOOP_ANALYSIS = YES;
				CLANG_WARN_STRICT_PROTOTYPES = YES;
				CLANG_WARN_SUSPICIOUS_MOVE = YES;
				CLANG_WARN_UNGUARDED_AVAILABILITY = YES_AGGRESSIVE;
				CLANG_WARN_UNREACHABLE_CODE = YES;
				CLANG_WARN__DUPLICATE_METHOD_MATCH = YES;
				CODE_SIGN_IDENTITY = "iPhone Developer";
				COPY_PHASE_STRIP = NO;
				DEBUG_INFORMATION_FORMAT = "dwarf-with-dsym";
				ENABLE_NS_ASSERTIONS = NO;
				ENABLE_STRICT_OBJC_MSGSEND = YES;
				GCC_C_LANGUAGE_STANDARD = gnu11;
				GCC_NO_COMMON_BLOCKS = YES;
				GCC_WARN_64_TO_32_BIT_CONVERSION = YES;
				GCC_WARN_ABOUT_RETURN_TYPE = YES_ERROR;
				GCC_WARN_UNDECLARED_SELECTOR = YES;
				GCC_WARN_UNINITIALIZED_AUTOS = YES_AGGRESSIVE;
				GCC_WARN_UNUSED_FUNCTION = YES;
				GCC_WARN_UNUSED_VARIABLE = YES;
				IPHONEOS_DEPLOYMENT_TARGET = 11.1;
				MTL_ENABLE_DEBUG_INFO = NO;
				SDKROOT = iphoneos;
				SWIFT_OPTIMIZATION_LEVEL = "-Owholemodule";
				VALIDATE_PRODUCT = YES;
			};
			name = Release;
		};
		B91056531FD25EF900FDB851 /* Debug */ = {
			isa = XCBuildConfiguration;
			baseConfigurationReference = 5EB70F2179C703330B2155F4 /* Pods-AudioWave.debug.xcconfig */;
			buildSettings = {
				ASSETCATALOG_COMPILER_APPICON_NAME = AppIcon;
				CODE_SIGN_STYLE = Automatic;
				DEVELOPMENT_TEAM = CB7BJM62E3;
				INFOPLIST_FILE = AudioWave/Info.plist;
				IPHONEOS_DEPLOYMENT_TARGET = 10.0;
				LD_RUNPATH_SEARCH_PATHS = "$(inherited) @executable_path/Frameworks";
				PRODUCT_BUNDLE_IDENTIFIER = com.dz.ios.AudioWave;
				PRODUCT_NAME = "$(TARGET_NAME)";
				SWIFT_VERSION = 4.0;
				TARGETED_DEVICE_FAMILY = 1;
			};
			name = Debug;
		};
		B91056541FD25EF900FDB851 /* Release */ = {
			isa = XCBuildConfiguration;
			baseConfigurationReference = E899E3B03203A3E01DE8E6F5 /* Pods-AudioWave.release.xcconfig */;
			buildSettings = {
				ASSETCATALOG_COMPILER_APPICON_NAME = AppIcon;
				CODE_SIGN_STYLE = Automatic;
				DEVELOPMENT_TEAM = CB7BJM62E3;
				INFOPLIST_FILE = AudioWave/Info.plist;
				IPHONEOS_DEPLOYMENT_TARGET = 10.0;
				LD_RUNPATH_SEARCH_PATHS = "$(inherited) @executable_path/Frameworks";
				PRODUCT_BUNDLE_IDENTIFIER = com.dz.ios.AudioWave;
				PRODUCT_NAME = "$(TARGET_NAME)";
				SWIFT_VERSION = 4.0;
				TARGETED_DEVICE_FAMILY = 1;
			};
			name = Release;
		};
		B91056561FD25EF900FDB851 /* Debug */ = {
			isa = XCBuildConfiguration;
			buildSettings = {
				ALWAYS_EMBED_SWIFT_STANDARD_LIBRARIES = YES;
				BUNDLE_LOADER = "$(TEST_HOST)";
				CODE_SIGN_STYLE = Automatic;
				DEVELOPMENT_TEAM = CB7BJM62E3;
				INFOPLIST_FILE = AudioWaveTests/Info.plist;
				LD_RUNPATH_SEARCH_PATHS = "$(inherited) @executable_path/Frameworks @loader_path/Frameworks";
				PRODUCT_BUNDLE_IDENTIFIER = com.dz.ios.AudioWaveTests;
				PRODUCT_NAME = "$(TARGET_NAME)";
				SWIFT_VERSION = 4.0;
				TARGETED_DEVICE_FAMILY = "1,2";
				TEST_HOST = "$(BUILT_PRODUCTS_DIR)/AudioWave.app/AudioWave";
			};
			name = Debug;
		};
		B91056571FD25EF900FDB851 /* Release */ = {
			isa = XCBuildConfiguration;
			buildSettings = {
				ALWAYS_EMBED_SWIFT_STANDARD_LIBRARIES = YES;
				BUNDLE_LOADER = "$(TEST_HOST)";
				CODE_SIGN_STYLE = Automatic;
				DEVELOPMENT_TEAM = CB7BJM62E3;
				INFOPLIST_FILE = AudioWaveTests/Info.plist;
				LD_RUNPATH_SEARCH_PATHS = "$(inherited) @executable_path/Frameworks @loader_path/Frameworks";
				PRODUCT_BUNDLE_IDENTIFIER = com.dz.ios.AudioWaveTests;
				PRODUCT_NAME = "$(TARGET_NAME)";
				SWIFT_VERSION = 4.0;
				TARGETED_DEVICE_FAMILY = "1,2";
				TEST_HOST = "$(BUILT_PRODUCTS_DIR)/AudioWave.app/AudioWave";
			};
			name = Release;
		};
		B91056591FD25EF900FDB851 /* Debug */ = {
			isa = XCBuildConfiguration;
			buildSettings = {
				ALWAYS_EMBED_SWIFT_STANDARD_LIBRARIES = YES;
				CODE_SIGN_STYLE = Automatic;
				DEVELOPMENT_TEAM = CB7BJM62E3;
				INFOPLIST_FILE = AudioWaveUITests/Info.plist;
				LD_RUNPATH_SEARCH_PATHS = "$(inherited) @executable_path/Frameworks @loader_path/Frameworks";
				PRODUCT_BUNDLE_IDENTIFIER = com.dz.ios.AudioWaveUITests;
				PRODUCT_NAME = "$(TARGET_NAME)";
				SWIFT_VERSION = 4.0;
				TARGETED_DEVICE_FAMILY = "1,2";
				TEST_TARGET_NAME = AudioWave;
			};
			name = Debug;
		};
		B910565A1FD25EF900FDB851 /* Release */ = {
			isa = XCBuildConfiguration;
			buildSettings = {
				ALWAYS_EMBED_SWIFT_STANDARD_LIBRARIES = YES;
				CODE_SIGN_STYLE = Automatic;
				DEVELOPMENT_TEAM = CB7BJM62E3;
				INFOPLIST_FILE = AudioWaveUITests/Info.plist;
				LD_RUNPATH_SEARCH_PATHS = "$(inherited) @executable_path/Frameworks @loader_path/Frameworks";
				PRODUCT_BUNDLE_IDENTIFIER = com.dz.ios.AudioWaveUITests;
				PRODUCT_NAME = "$(TARGET_NAME)";
				SWIFT_VERSION = 4.0;
				TARGETED_DEVICE_FAMILY = "1,2";
				TEST_TARGET_NAME = AudioWave;
			};
			name = Release;
		};
/* End XCBuildConfiguration section */

/* Begin XCConfigurationList section */
		B91056251FD25EF900FDB851 /* Build configuration list for PBXProject "AudioWave" */ = {
			isa = XCConfigurationList;
			buildConfigurations = (
				B91056501FD25EF900FDB851 /* Debug */,
				B91056511FD25EF900FDB851 /* Release */,
			);
			defaultConfigurationIsVisible = 0;
			defaultConfigurationName = Release;
		};
		B91056521FD25EF900FDB851 /* Build configuration list for PBXNativeTarget "AudioWave" */ = {
			isa = XCConfigurationList;
			buildConfigurations = (
				B91056531FD25EF900FDB851 /* Debug */,
				B91056541FD25EF900FDB851 /* Release */,
			);
			defaultConfigurationIsVisible = 0;
			defaultConfigurationName = Release;
		};
		B91056551FD25EF900FDB851 /* Build configuration list for PBXNativeTarget "AudioWaveTests" */ = {
			isa = XCConfigurationList;
			buildConfigurations = (
				B91056561FD25EF900FDB851 /* Debug */,
				B91056571FD25EF900FDB851 /* Release */,
			);
			defaultConfigurationIsVisible = 0;
			defaultConfigurationName = Release;
		};
		B91056581FD25EF900FDB851 /* Build configuration list for PBXNativeTarget "AudioWaveUITests" */ = {
			isa = XCConfigurationList;
			buildConfigurations = (
				B91056591FD25EF900FDB851 /* Debug */,
				B910565A1FD25EF900FDB851 /* Release */,
			);
			defaultConfigurationIsVisible = 0;
			defaultConfigurationName = Release;
		};
/* End XCConfigurationList section */
	};
	rootObject = B91056221FD25EF900FDB851 /* Project object */;
}
